
Microsoft Visual Studio Solution File, Format Version 12.00
# Visual Studio Version 17
VisualStudioVersion = 17.8.34330.188
MinimumVisualStudioVersion = 10.0.40219.1
Project("{FAE04EC0-301F-11D3-BF4B-00C04F79EFBC}") = "laba_2", "laba_2\laba_2.csproj", "{2C220A5C-872D-4CBE-A409-5854E2DE3BD3}"
EndProject
Project("{FAE04EC0-301F-11D3-BF4B-00C04F79EFBC}") = "Demo", "Demo\Demo.csproj", "{78CFF861-75E4-4812-96B7-E4E5005F1285}"
EndProject
Global
	GlobalSection(SolutionConfigurationPlatforms) = preSolution
		Debug|Any CPU = Debug|Any CPU
		Release|Any CPU = Release|Any CPU
	EndGlobalSection
	GlobalSection(ProjectConfigurationPlatforms) = postSolution
		{2C220A5C-872D-4CBE-A409-5854E2DE3BD3}.Debug|Any CPU.ActiveCfg = Debug|Any CPU
		{2C220A5C-872D-4CBE-A409-5854E2DE3BD3}.Debug|Any CPU.Build.0 = Debug|Any CPU
		{2C220A5C-872D-4CBE-A409-5854E2DE3BD3}.Release|Any CPU.ActiveCfg = Release|Any CPU
		{2C220A5C-872D-4CBE-A409-5854E2DE3BD3}.Release|Any CPU.Build.0 = Release|Any CPU
		{78CFF861-75E4-4812-96B7-E4E5005F1285}.Debug|Any CPU.ActiveCfg = Debug|Any CPU
		{78CFF861-75E4-4812-96B7-E4E5005F1285}.Debug|Any CPU.Build.0 = Debug|Any CPU
		{78CFF861-75E4-4812-96B7-E4E5005F1285}.Release|Any CPU.ActiveCfg = Release|Any CPU
		{78CFF861-75E4-4812-96B7-E4E5005F1285}.Release|Any CPU.Build.0 = Release|Any CPU
	EndGlobalSection
	GlobalSection(SolutionProperties) = preSolution
		HideSolutionNode = FALSE
	EndGlobalSection
	GlobalSection(ExtensibilityGlobals) = postSolution
		SolutionGuid = {CBEED5A5-4926-4B04-9526-C9A6CFBFE340}
	EndGlobalSection
EndGlobal
